
Microsoft Visual Studio Solution File, Format Version 12.00
# Visual Studio Version 17
VisualStudioVersion = 17.0.31903.59
MinimumVisualStudioVersion = 10.0.40219.1
Project("{FAE04EC0-301F-11D3-BF4B-00C04F79EFBC}") = "Waypoint.Core", "Waypoint.Core\Waypoint.Core.csproj", "{C2F1B565-8ADA-4843-8C19-BBB1105714DE}"
EndProject
Project("{FAE04EC0-301F-11D3-BF4B-00C04F79EFBC}") = "Waypoint.Cli", "Waypoint.Cli\Waypoint.Cli.csproj", "{4F69388A-A936-475B-9959-F4BCAD867A48}"
EndProject
Project("{FAE04EC0-301F-11D3-BF4B-00C04F79EFBC}") = "Waypoint.Gui", "Waypoint.Gui\Waypoint.Gui.csproj", "{2FDF0D06-DCFC-447B-A5F0-279118A524D7}"
EndProject
Project("{FAE04EC0-301F-11D3-BF4B-00C04F79EFBC}") = "Waypoint.Core.Tests", "Waypoint.Core.Tests\Waypoint.Core.Tests.csproj", "{3D1E5662-3456-4862-A73D-5FECDC419F2A}"
EndProject
Project("{FAE04EC0-301F-11D3-BF4B-00C04F79EFBC}") = "Waypoint.Sources", "Waypoint.Sources\Waypoint.Sources.csproj", "{DECD213F-B164-4436-81F2-AB05AEC19964}"
EndProject
Project("{FAE04EC0-301F-11D3-BF4B-00C04F79EFBC}") = "Waypoint.Engine", "Waypoint.Engine\Waypoint.Engine.csproj", "{97C11AD5-08F7-4B7D-95FC-E24E96921698}"
EndProject
Project("{FAE04EC0-301F-11D3-BF4B-00C04F79EFBC}") = "Waypoint.Platform", "Waypoint.Platform\Waypoint.Platform.csproj", "{14EC2512-B743-4D8B-8E7F-CDD60493993C}"
EndProject
Project("{FAE04EC0-301F-11D3-BF4B-00C04F79EFBC}") = "Waypoint.Sources.Tests", "Waypoint.Sources.Tests\Waypoint.Sources.Tests.csproj", "{B12BAD30-78E6-4F16-AA0A-A8973070FF0D}"
EndProject
Project("{FAE04EC0-301F-11D3-BF4B-00C04F79EFBC}") = "Waypoint.Engine.Tests", "Waypoint.Engine.Tests\Waypoint.Engine.Tests.csproj", "{77385B29-2B6A-49F3-8B5E-07D884D220AB}"
EndProject
Global
	GlobalSection(SolutionConfigurationPlatforms) = preSolution
		Debug|Any CPU = Debug|Any CPU
		Debug|x64 = Debug|x64
		Debug|x86 = Debug|x86
		Release|Any CPU = Release|Any CPU
		Release|x64 = Release|x64
		Release|x86 = Release|x86
	EndGlobalSection
	GlobalSection(ProjectConfigurationPlatforms) = postSolution
		{C2F1B565-8ADA-4843-8C19-BBB1105714DE}.Debug|Any CPU.ActiveCfg = Debug|Any CPU
		{C2F1B565-8ADA-4843-8C19-BBB1105714DE}.Debug|Any CPU.Build.0 = Debug|Any CPU
		{C2F1B565-8ADA-4843-8C19-BBB1105714DE}.Debug|x64.ActiveCfg = Debug|Any CPU
		{C2F1B565-8ADA-4843-8C19-BBB1105714DE}.Debug|x64.Build.0 = Debug|Any CPU
		{C2F1B565-8ADA-4843-8C19-BBB1105714DE}.Debug|x86.ActiveCfg = Debug|Any CPU
		{C2F1B565-8ADA-4843-8C19-BBB1105714DE}.Debug|x86.Build.0 = Debug|Any CPU
		{C2F1B565-8ADA-4843-8C19-BBB1105714DE}.Release|Any CPU.ActiveCfg = Release|Any CPU
		{C2F1B565-8ADA-4843-8C19-BBB1105714DE}.Release|Any CPU.Build.0 = Release|Any CPU
		{C2F1B565-8ADA-4843-8C19-BBB1105714DE}.Release|x64.ActiveCfg = Release|Any CPU
		{C2F1B565-8ADA-4843-8C19-BBB1105714DE}.Release|x64.Build.0 = Release|Any CPU
		{C2F1B565-8ADA-4843-8C19-BBB1105714DE}.Release|x86.ActiveCfg = Release|Any CPU
		{C2F1B565-8ADA-4843-8C19-BBB1105714DE}.Release|x86.Build.0 = Release|Any CPU
		{4F69388A-A936-475B-9959-F4BCAD867A48}.Debug|Any CPU.ActiveCfg = Debug|Any CPU
		{4F69388A-A936-475B-9959-F4BCAD867A48}.Debug|Any CPU.Build.0 = Debug|Any CPU
		{4F69388A-A936-475B-9959-F4BCAD867A48}.Debug|x64.ActiveCfg = Debug|Any CPU
		{4F69388A-A936-475B-9959-F4BCAD867A48}.Debug|x64.Build.0 = Debug|Any CPU
		{4F69388A-A936-475B-9959-F4BCAD867A48}.Debug|x86.ActiveCfg = Debug|Any CPU
		{4F69388A-A936-475B-9959-F4BCAD867A48}.Debug|x86.Build.0 = Debug|Any CPU
		{4F69388A-A936-475B-9959-F4BCAD867A48}.Release|Any CPU.ActiveCfg = Release|Any CPU
		{4F69388A-A936-475B-9959-F4BCAD867A48}.Release|Any CPU.Build.0 = Release|Any CPU
		{4F69388A-A936-475B-9959-F4BCAD867A48}.Release|x64.ActiveCfg = Release|Any CPU
		{4F69388A-A936-475B-9959-F4BCAD867A48}.Release|x64.Build.0 = Release|Any CPU
		{4F69388A-A936-475B-9959-F4BCAD867A48}.Release|x86.ActiveCfg = Release|Any CPU
		{4F69388A-A936-475B-9959-F4BCAD867A48}.Release|x86.Build.0 = Release|Any CPU
		{2FDF0D06-DCFC-447B-A5F0-279118A524D7}.Debug|Any CPU.ActiveCfg = Debug|Any CPU
		{2FDF0D06-DCFC-447B-A5F0-279118A524D7}.Debug|Any CPU.Build.0 = Debug|Any CPU
		{2FDF0D06-DCFC-447B-A5F0-279118A524D7}.Debug|x64.ActiveCfg = Debug|Any CPU
		{2FDF0D06-DCFC-447B-A5F0-279118A524D7}.Debug|x64.Build.0 = Debug|Any CPU
		{2FDF0D06-DCFC-447B-A5F0-279118A524D7}.Debug|x86.ActiveCfg = Debug|Any CPU
		{2FDF0D06-DCFC-447B-A5F0-279118A524D7}.Debug|x86.Build.0 = Debug|Any CPU
		{2FDF0D06-DCFC-447B-A5F0-279118A524D7}.Release|Any CPU.ActiveCfg = Release|Any CPU
		{2FDF0D06-DCFC-447B-A5F0-279118A524D7}.Release|Any CPU.Build.0 = Release|Any CPU
		{2FDF0D06-DCFC-447B-A5F0-279118A524D7}.Release|x64.ActiveCfg = Release|Any CPU
		{2FDF0D06-DCFC-447B-A5F0-279118A524D7}.Release|x64.Build.0 = Release|Any CPU
		{2FDF0D06-DCFC-447B-A5F0-279118A524D7}.Release|x86.ActiveCfg = Release|Any CPU
		{2FDF0D06-DCFC-447B-A5F0-279118A524D7}.Release|x86.Build.0 = Release|Any CPU
		{3D1E5662-3456-4862-A73D-5FECDC419F2A}.Debug|Any CPU.ActiveCfg = Debug|Any CPU
		{3D1E5662-3456-4862-A73D-5FECDC419F2A}.Debug|Any CPU.Build.0 = Debug|Any CPU
		{3D1E5662-3456-4862-A73D-5FECDC419F2A}.Debug|x64.ActiveCfg = Debug|Any CPU
		{3D1E5662-3456-4862-A73D-5FECDC419F2A}.Debug|x64.Build.0 = Debug|Any CPU
		{3D1E5662-3456-4862-A73D-5FECDC419F2A}.Debug|x86.ActiveCfg = Debug|Any CPU
		{3D1E5662-3456-4862-A73D-5FECDC419F2A}.Debug|x86.Build.0 = Debug|Any CPU
		{3D1E5662-3456-4862-A73D-5FECDC419F2A}.Release|Any CPU.ActiveCfg = Release|Any CPU
		{3D1E5662-3456-4862-A73D-5FECDC419F2A}.Release|Any CPU.Build.0 = Release|Any CPU
		{3D1E5662-3456-4862-A73D-5FECDC419F2A}.Release|x64.ActiveCfg = Release|Any CPU
		{3D1E5662-3456-4862-A73D-5FECDC419F2A}.Release|x64.Build.0 = Release|Any CPU
		{3D1E5662-3456-4862-A73D-5FECDC419F2A}.Release|x86.ActiveCfg = Release|Any CPU
		{3D1E5662-3456-4862-A73D-5FECDC419F2A}.Release|x86.Build.0 = Release|Any CPU
		{DECD213F-B164-4436-81F2-AB05AEC19964}.Debug|Any CPU.ActiveCfg = Debug|Any CPU
		{DECD213F-B164-4436-81F2-AB05AEC19964}.Debug|Any CPU.Build.0 = Debug|Any CPU
		{DECD213F-B164-4436-81F2-AB05AEC19964}.Debug|x64.ActiveCfg = Debug|Any CPU
		{DECD213F-B164-4436-81F2-AB05AEC19964}.Debug|x64.Build.0 = Debug|Any CPU
		{DECD213F-B164-4436-81F2-AB05AEC19964}.Debug|x86.ActiveCfg = Debug|Any CPU
		{DECD213F-B164-4436-81F2-AB05AEC19964}.Debug|x86.Build.0 = Debug|Any CPU
		{DECD213F-B164-4436-81F2-AB05AEC19964}.Release|Any CPU.ActiveCfg = Release|Any CPU
		{DECD213F-B164-4436-81F2-AB05AEC19964}.Release|Any CPU.Build.0 = Release|Any CPU
		{DECD213F-B164-4436-81F2-AB05AEC19964}.Release|x64.ActiveCfg = Release|Any CPU
		{DECD213F-B164-4436-81F2-AB05AEC19964}.Release|x64.Build.0 = Release|Any CPU
		{DECD213F-B164-4436-81F2-AB05AEC19964}.Release|x86.ActiveCfg = Release|Any CPU
		{DECD213F-B164-4436-81F2-AB05AEC19964}.Release|x86.Build.0 = Release|Any CPU
		{97C11AD5-08F7-4B7D-95FC-E24E96921698}.Debug|Any CPU.ActiveCfg = Debug|Any CPU
		{97C11AD5-08F7-4B7D-95FC-E24E96921698}.Debug|Any CPU.Build.0 = Debug|Any CPU
		{97C11AD5-08F7-4B7D-95FC-E24E96921698}.Debug|x64.ActiveCfg = Debug|Any CPU
		{97C11AD5-08F7-4B7D-95FC-E24E96921698}.Debug|x64.Build.0 = Debug|Any CPU
		{97C11AD5-08F7-4B7D-95FC-E24E96921698}.Debug|x86.ActiveCfg = Debug|Any CPU
		{97C11AD5-08F7-4B7D-95FC-E24E96921698}.Debug|x86.Build.0 = Debug|Any CPU
		{97C11AD5-08F7-4B7D-95FC-E24E96921698}.Release|Any CPU.ActiveCfg = Release|Any CPU
		{97C11AD5-08F7-4B7D-95FC-E24E96921698}.Release|Any CPU.Build.0 = Release|Any CPU
		{97C11AD5-08F7-4B7D-95FC-E24E96921698}.Release|x64.ActiveCfg = Release|Any CPU
		{97C11AD5-08F7-4B7D-95FC-E24E96921698}.Release|x64.Build.0 = Release|Any CPU
		{97C11AD5-08F7-4B7D-95FC-E24E96921698}.Release|x86.ActiveCfg = Release|Any CPU
		{97C11AD5-08F7-4B7D-95FC-E24E96921698}.Release|x86.Build.0 = Release|Any CPU
		{14EC2512-B743-4D8B-8E7F-CDD60493993C}.Debug|Any CPU.ActiveCfg = Debug|Any CPU
		{14EC2512-B743-4D8B-8E7F-CDD60493993C}.Debug|Any CPU.Build.0 = Debug|Any CPU
		{14EC2512-B743-4D8B-8E7F-CDD60493993C}.Debug|x64.ActiveCfg = Debug|Any CPU
		{14EC2512-B743-4D8B-8E7F-CDD60493993C}.Debug|x64.Build.0 = Debug|Any CPU
		{14EC2512-B743-4D8B-8E7F-CDD60493993C}.Debug|x86.ActiveCfg = Debug|Any CPU
		{14EC2512-B743-4D8B-8E7F-CDD60493993C}.Debug|x86.Build.0 = Debug|Any CPU
		{14EC2512-B743-4D8B-8E7F-CDD60493993C}.Release|Any CPU.ActiveCfg = Release|Any CPU
		{14EC2512-B743-4D8B-8E7F-CDD60493993C}.Release|Any CPU.Build.0 = Release|Any CPU
		{14EC2512-B743-4D8B-8E7F-CDD60493993C}.Release|x64.ActiveCfg = Release|Any CPU
		{14EC2512-B743-4D8B-8E7F-CDD60493993C}.Release|x64.Build.0 = Release|Any CPU
		{14EC2512-B743-4D8B-8E7F-CDD60493993C}.Release|x86.ActiveCfg = Release|Any CPU
		{14EC2512-B743-4D8B-8E7F-CDD60493993C}.Release|x86.Build.0 = Release|Any CPU
		{B12BAD30-78E6-4F16-AA0A-A8973070FF0D}.Debug|Any CPU.ActiveCfg = Debug|Any CPU
		{B12BAD30-78E6-4F16-AA0A-A8973070FF0D}.Debug|Any CPU.Build.0 = Debug|Any CPU
		{B12BAD30-78E6-4F16-AA0A-A8973070FF0D}.Debug|x64.ActiveCfg = Debug|Any CPU
		{B12BAD30-78E6-4F16-AA0A-A8973070FF0D}.Debug|x64.Build.0 = Debug|Any CPU
		{B12BAD30-78E6-4F16-AA0A-A8973070FF0D}.Debug|x86.ActiveCfg = Debug|Any CPU
		{B12BAD30-78E6-4F16-AA0A-A8973070FF0D}.Debug|x86.Build.0 = Debug|Any CPU
		{B12BAD30-78E6-4F16-AA0A-A8973070FF0D}.Release|Any CPU.ActiveCfg = Release|Any CPU
		{B12BAD30-78E6-4F16-AA0A-A8973070FF0D}.Release|Any CPU.Build.0 = Release|Any CPU
		{B12BAD30-78E6-4F16-AA0A-A8973070FF0D}.Release|x64.ActiveCfg = Release|Any CPU
		{B12BAD30-78E6-4F16-AA0A-A8973070FF0D}.Release|x64.Build.0 = Release|Any CPU
		{B12BAD30-78E6-4F16-AA0A-A8973070FF0D}.Release|x86.ActiveCfg = Release|Any CPU
		{B12BAD30-78E6-4F16-AA0A-A8973070FF0D}.Release|x86.Build.0 = Release|Any CPU
		{77385B29-2B6A-49F3-8B5E-07D884D220AB}.Debug|Any CPU.ActiveCfg = Debug|Any CPU
		{77385B29-2B6A-49F3-8B5E-07D884D220AB}.Debug|Any CPU.Build.0 = Debug|Any CPU
		{77385B29-2B6A-49F3-8B5E-07D884D220AB}.Debug|x64.ActiveCfg = Debug|Any CPU
		{77385B29-2B6A-49F3-8B5E-07D884D220AB}.Debug|x64.Build.0 = Debug|Any CPU
		{77385B29-2B6A-49F3-8B5E-07D884D220AB}.Debug|x86.ActiveCfg = Debug|Any CPU
		{77385B29-2B6A-49F3-8B5E-07D884D220AB}.Debug|x86.Build.0 = Debug|Any CPU
		{77385B29-2B6A-49F3-8B5E-07D884D220AB}.Release|Any CPU.ActiveCfg = Release|Any CPU
		{77385B29-2B6A-49F3-8B5E-07D884D220AB}.Release|Any CPU.Build.0 = Release|Any CPU
		{77385B29-2B6A-49F3-8B5E-07D884D220AB}.Release|x64.ActiveCfg = Release|Any CPU
		{77385B29-2B6A-49F3-8B5E-07D884D220AB}.Release|x64.Build.0 = Release|Any CPU
		{77385B29-2B6A-49F3-8B5E-07D884D220AB}.Release|x86.ActiveCfg = Release|Any CPU
		{77385B29-2B6A-49F3-8B5E-07D884D220AB}.Release|x86.Build.0 = Release|Any CPU
	EndGlobalSection
	GlobalSection(SolutionProperties) = preSolution
		HideSolutionNode = FALSE
	EndGlobalSection
EndGlobal
